{
  "name": "build-assets",
  "version": "0.0.0",
  "lockfileVersion": 3,
  "requires": true,
  "packages": {
    "": {
      "name": "build-assets",
      "version": "0.0.0",
      "devDependencies": {
        "liquidjs": "^10.16.1"
      }
    },
    "node_modules/commander": {
      "version": "10.0.1",
      "resolved": "https://registry.npmjs.org/commander/-/commander-10.0.1.tgz",
      "integrity": "sha512-y4Mg2tXshplEbSGzx7amzPwKKOCGuoSRP/CjEdwwk0FOGlUbq6lKuoyDZTNZkmxHdJtp54hdfY/JUrdL7Xfdug==",
      "dev": true,
      "license": "MIT",
      "engines": {
        "node": ">=14"
      }
    },
    "node_modules/liquidjs": {
      "version": "10.17.0",
      "resolved": "https://registry.npmjs.org/liquidjs/-/liquidjs-10.17.0.tgz",
      "integrity": "sha512-M4MC5/nencttIJHirl5jFTkl7Yu+grIDLn3Qgl7BPAD3BsbTCQknDxlG5VXWRwslWIjk8lSZZjVq9LioILDk1Q==",
      "dev": true,
      "license": "MIT",
      "dependencies": {
        "commander": "^10.0.0"
      },
      "bin": {
        "liquid": "bin/liquid.js",
        "liquidjs": "bin/liquid.js"
      },
      "engines": {
        "node": ">=14"
      },
      "funding": {
        "type": "opencollective",
        "url": "https://opencollective.com/liquidjs"
      }
    }
  }
}
