{
  "name": "@xpack-dev-tools/openocd",
  "version": "0.11.0-1.1",
  "lockfileVersion": 2,
  "requires": true,
  "packages": {
    "": {
      "name": "@xpack-dev-tools/openocd",
      "version": "0.11.0-1.1",
      "license": "MIT",
      "devDependencies": {
        "liquidjs": "^9.25.1"
      }
    },
    "node_modules/liquidjs": {
      "version": "9.25.1",
      "resolved": "https://registry.npmjs.org/liquidjs/-/liquidjs-9.25.1.tgz",
      "integrity": "sha512-V6RYwuFsx13aKZ5ZrSUMHUgTPrEWpcP3GcafEkMdvlWVW9tTlQHOgBoJaK2HtLbOyvjXtaHXT82ZElwmRNY+Kw==",
      "dev": true,
      "bin": {
        "liquid": "bin/liquid.js",
        "liquidjs": "bin/liquid.js"
      },
      "engines": {
        "node": ">=4.8.7"
      },
      "funding": {
        "type": "opencollective",
        "url": "https://opencollective.com/liquidjs"
      }
    }
  },
  "dependencies": {
    "liquidjs": {
      "version": "9.25.1",
      "resolved": "https://registry.npmjs.org/liquidjs/-/liquidjs-9.25.1.tgz",
      "integrity": "sha512-V6RYwuFsx13aKZ5ZrSUMHUgTPrEWpcP3GcafEkMdvlWVW9tTlQHOgBoJaK2HtLbOyvjXtaHXT82ZElwmRNY+Kw==",
      "dev": true
    }
  }
}
