{
  "name": "@xpack-dev-tools/openocd",
  "version": "0.11.0-5.1",
  "lockfileVersion": 3,
  "requires": true,
  "packages": {
    "": {
      "name": "@xpack-dev-tools/openocd",
      "version": "0.11.0-5.1",
      "license": "MIT",
      "devDependencies": {
        "liquidjs": "^10.3.3"
      }
    },
    "node_modules/liquidjs": {
      "version": "10.3.3",
      "resolved": "https://registry.npmjs.org/liquidjs/-/liquidjs-10.3.3.tgz",
      "integrity": "sha512-o6s4rOn81x0FlF9SJEQEx3f/j3iL0Iq3zqOsbFEcsoi7Ivn6jEXBEi2Xl5k0oYc7KqYS54uGOa9XC4Ahk7zdFA==",
      "dev": true,
      "bin": {
        "liquid": "bin/liquid.js",
        "liquidjs": "bin/liquid.js"
      },
      "engines": {
        "node": ">=14"
      },
      "funding": {
        "type": "opencollective",
        "url": "https://opencollective.com/liquidjs"
      }
    }
  }
}
