{
  "name": "@xpack-dev-tools/openocd",
  "version": "0.11.0-5.1",
  "lockfileVersion": 2,
  "requires": true,
  "packages": {
    "": {
      "name": "@xpack-dev-tools/openocd",
      "version": "0.11.0-5.1",
      "license": "MIT",
      "devDependencies": {
        "liquidjs": "^10.0.0"
      }
    },
    "node_modules/liquidjs": {
      "version": "10.0.0",
      "resolved": "https://registry.npmjs.org/liquidjs/-/liquidjs-10.0.0.tgz",
      "integrity": "sha512-uY3fKqBSRmnat0wB5qWk0W5N5iT78OUhuIXNRiMfhYQ3p35al9mEWKQ68/Z+WD54V2upaxEM8nHaZ6o1B8WCMA==",
      "dev": true,
      "bin": {
        "liquid": "bin/liquid.js",
        "liquidjs": "bin/liquid.js"
      },
      "engines": {
        "node": ">=14"
      },
      "funding": {
        "type": "opencollective",
        "url": "https://opencollective.com/liquidjs"
      }
    }
  },
  "dependencies": {
    "liquidjs": {
      "version": "10.0.0",
      "resolved": "https://registry.npmjs.org/liquidjs/-/liquidjs-10.0.0.tgz",
      "integrity": "sha512-uY3fKqBSRmnat0wB5qWk0W5N5iT78OUhuIXNRiMfhYQ3p35al9mEWKQ68/Z+WD54V2upaxEM8nHaZ6o1B8WCMA==",
      "dev": true
    }
  }
}
